{
  "name": "image-vision",
  "version": "1.0.0",
  "lockfileVersion": 3,
  "requires": true,
  "packages": {
    "": {
      "name": "image-vision",
      "version": "1.0.0",
      "license": "MIT",
      "dependencies": {
        "@kinde-oss/kinde-auth-react": "^3.0.19"
      }
    },
    "node_modules/@kinde-oss/kinde-auth-pkce-js": {
      "version": "3.0.18",
      "resolved": "https://registry.npmjs.org/@kinde-oss/kinde-auth-pkce-js/-/kinde-auth-pkce-js-3.0.18.tgz",
      "integrity": "sha512-QR8s03VC5qdxDCZ6SS57xyn1Fwp8iO/JHxLS1QYiW4eNXZUmF4wSM8EbITmF5nuFBcYRcFI+NvDW4SmnmUEDtQ=="
    },
    "node_modules/@kinde-oss/kinde-auth-react": {
      "version": "3.0.19",
      "resolved": "https://registry.npmjs.org/@kinde-oss/kinde-auth-react/-/kinde-auth-react-3.0.19.tgz",
      "integrity": "sha512-VDX4NOH1rzEaN1ax0r2aZPN1KhjaBH/FxFtd3sEcq5wKwppJNc1QXhidLMe1nylUijJsEnN1oNE7Sz3snFGVQw==",
      "dependencies": {
        "@kinde-oss/kinde-auth-pkce-js": "^3.0.16"
      },
      "peerDependencies": {
        "react": "^17.0.2 || ^18",
        "react-dom": "^17.0.2 || ^18"
      }
    },
    "node_modules/js-tokens": {
      "version": "4.0.0",
      "resolved": "https://registry.npmjs.org/js-tokens/-/js-tokens-4.0.0.tgz",
      "integrity": "sha512-RdJUflcE3cUzKiMqQgsCu06FPu9UdIJO0beYbPhHN4k6apgJtifcoCtT9bcxOpYBtpD2kCM6Sbzg4CausW/PKQ==",
      "peer": true
    },
    "node_modules/loose-envify": {
      "version": "1.4.0",
      "resolved": "https://registry.npmjs.org/loose-envify/-/loose-envify-1.4.0.tgz",
      "integrity": "sha512-lyuxPGr/Wfhrlem2CL/UcnUc1zcqKAImBDzukY7Y5F/yQiNdko6+fRLevlw1HgMySw7f611UIY408EtxRSoK3Q==",
      "peer": true,
      "dependencies": {
        "js-tokens": "^3.0.0 || ^4.0.0"
      },
      "bin": {
        "loose-envify": "cli.js"
      }
    },
    "node_modules/react": {
      "version": "18.2.0",
      "resolved": "https://registry.npmjs.org/react/-/react-18.2.0.tgz",
      "integrity": "sha512-/3IjMdb2L9QbBdWiW5e3P2/npwMBaU9mHCSCUzNln0ZCYbcfTsGbTJrU/kGemdH2IWmB2ioZ+zkxtmq6g09fGQ==",
      "peer": true,
      "dependencies": {
        "loose-envify": "^1.1.0"
      },
      "engines": {
        "node": ">=0.10.0"
      }
    },
    "node_modules/react-dom": {
      "version": "18.2.0",
      "resolved": "https://registry.npmjs.org/react-dom/-/react-dom-18.2.0.tgz",
      "integrity": "sha512-6IMTriUmvsjHUjNtEDudZfuDQUoWXVxKHhlEGSk81n4YFS+r/Kl99wXiwlVXtPBtJenozv2P+hxDsw9eA7Xo6g==",
      "peer": true,
      "dependencies": {
        "loose-envify": "^1.1.0",
        "scheduler": "^0.23.0"
      },
      "peerDependencies": {
        "react": "^18.2.0"
      }
    },
    "node_modules/scheduler": {
      "version": "0.23.0",
      "resolved": "https://registry.npmjs.org/scheduler/-/scheduler-0.23.0.tgz",
      "integrity": "sha512-CtuThmgHNg7zIZWAXi3AsyIzA3n4xx7aNyjwC2VJldO2LMVDhFK+63xGqq6CsJH4rTAt6/M+N4GhZiDYPx9eUw==",
      "peer": true,
      "dependencies": {
        "loose-envify": "^1.1.0"
      }
    }
  }
}
